version = 1
revision = 2
requires-python = ">=3.12"

[[package]]
name = "dill"
version = "0.3.9"
source = { registry = "https://pypi.org/simple" }
sdist = { url = "https://files.pythonhosted.org/packages/70/43/86fe3f9e130c4137b0f1b50784dd70a5087b911fe07fa81e53e0c4c47fea/dill-0.3.9.tar.gz", hash = "sha256:81aa267dddf68cbfe8029c42ca9ec6a4ab3b22371d1c450abc54422577b4512c", size = 187000, upload-time = "2024-09-29T00:03:20.958Z" }
wheels = [
    { url = "https://files.pythonhosted.org/packages/46/d1/e73b6ad76f0b1fb7f23c35c6d95dbc506a9c8804f43dda8cb5b0fa6331fd/dill-0.3.9-py3-none-any.whl", hash = "sha256:468dff3b89520b474c0397703366b7b95eebe6303f108adf9b19da1f702be87a", size = 119418, upload-time = "2024-09-29T00:03:19.344Z" },
]

[[package]]
name = "mpmath"
version = "1.3.0"
source = { registry = "https://pypi.org/simple" }
sdist = { url = "https://files.pythonhosted.org/packages/e0/47/dd32fa426cc72114383ac549964eecb20ecfd886d1e5ccf5340b55b02f57/mpmath-1.3.0.tar.gz", hash = "sha256:7a28eb2a9774d00c7bc92411c19a89209d5da7c4c9a9e227be8330a23a25b91f", size = 508106, upload-time = "2023-03-07T16:47:11.061Z" }
wheels = [
    { url = "https://files.pythonhosted.org/packages/43/e3/7d92a15f894aa0c9c4b49b8ee9ac9850d6e63b03c9c32c0367a13ae62209/mpmath-1.3.0-py3-none-any.whl", hash = "sha256:a0b2b9fe80bbcd81a6647ff13108738cfb482d481d826cc0e02f5b35e5c88d2c", size = 536198, upload-time = "2023-03-07T16:47:09.197Z" },
]

[[package]]
name = "numpy"
version = "2.1.2"
source = { registry = "https://pypi.org/simple" }
sdist = { url = "https://files.pythonhosted.org/packages/4b/d1/8a730ea07f4a37d94f9172f4ce1d81064b7a64766b460378be278952de75/numpy-2.1.2.tar.gz", hash = "sha256:13532a088217fa624c99b843eeb54640de23b3414b14aa66d023805eb731066c", size = 18878063, upload-time = "2024-10-05T18:45:44.548Z" }
wheels = [
    { url = "https://files.pythonhosted.org/packages/a0/7d/554a6838f37f3ada5a55f25173c619d556ae98092a6e01afb6e710501d70/numpy-2.1.2-cp312-cp312-macosx_10_13_x86_64.whl", hash = "sha256:d7bf0a4f9f15b32b5ba53147369e94296f5fffb783db5aacc1be15b4bf72f43b", size = 20848077, upload-time = "2024-10-05T18:34:52.5Z" },
    { url = "https://files.pythonhosted.org/packages/b0/29/cb48a402ea879e645b16218718f3f7d9588a77d674a9dcf22e4c43487636/numpy-2.1.2-cp312-cp312-macosx_11_0_arm64.whl", hash = "sha256:b1d0fcae4f0949f215d4632be684a539859b295e2d0cb14f78ec231915d644db", size = 13493242, upload-time = "2024-10-05T18:35:13.6Z" },
    { url = "https://files.pythonhosted.org/packages/56/44/f899b0581766c230da42f751b7b8896d096640b19b312164c267e48d36cb/numpy-2.1.2-cp312-cp312-macosx_14_0_arm64.whl", hash = "sha256:f751ed0a2f250541e19dfca9f1eafa31a392c71c832b6bb9e113b10d050cb0f1", size = 5089219, upload-time = "2024-10-05T18:35:23.628Z" },
    { url = "https://files.pythonhosted.org/packages/79/8f/b987070d45161a7a4504afc67ed38544ed2c0ed5576263599a0402204a9c/numpy-2.1.2-cp312-cp312-macosx_14_0_x86_64.whl", hash = "sha256:bd33f82e95ba7ad632bc57837ee99dba3d7e006536200c4e9124089e1bf42426", size = 6620167, upload-time = "2024-10-05T18:35:34.112Z" },
    { url = "https://files.pythonhosted.org/packages/c4/a7/af3329fda3c3ec31d9b650e42bbcd3422fc62a765cbb1405fde4177a0996/numpy-2.1.2-cp312-cp312-manylinux_2_17_aarch64.manylinux2014_aarch64.whl", hash = "sha256:1b8cde4f11f0a975d1fd59373b32e2f5a562ade7cde4f85b7137f3de8fbb29a0", size = 13604905, upload-time = "2024-10-05T18:35:54.525Z" },
    { url = "https://files.pythonhosted.org/packages/9b/b4/e3c7e6fab0f77fff6194afa173d1f2342073d91b1d3b4b30b17c3fb4407a/numpy-2.1.2-cp312-cp312-manylinux_2_17_x86_64.manylinux2014_x86_64.whl", hash = "sha256:6d95f286b8244b3649b477ac066c6906fbb2905f8ac19b170e2175d3d799f4df", size = 16041825, upload-time = "2024-10-05T18:36:20.729Z" },
    { url = "https://files.pythonhosted.org/packages/e9/50/6828e66a78aa03147c111f84d55f33ce2dde547cb578d6744a3b06a0124b/numpy-2.1.2-cp312-cp312-musllinux_1_1_x86_64.whl", hash = "sha256:ab4754d432e3ac42d33a269c8567413bdb541689b02d93788af4131018cbf366", size = 16409541, upload-time = "2024-10-05T18:36:45.743Z" },
    { url = "https://files.pythonhosted.org/packages/bf/72/66af7916d9c3c6dbfbc8acdd4930c65461e1953374a2bc43d00f948f004a/numpy-2.1.2-cp312-cp312-musllinux_1_2_aarch64.whl", hash = "sha256:e585c8ae871fd38ac50598f4763d73ec5497b0de9a0ab4ef5b69f01c6a046142", size = 14081134, upload-time = "2024-10-05T18:37:07.433Z" },
    { url = "https://files.pythonhosted.org/packages/dc/5a/59a67d84f33fe00ae74f0b5b69dd4f93a586a4aba7f7e19b54b2133db038/numpy-2.1.2-cp312-cp312-win32.whl", hash = "sha256:9c6c754df29ce6a89ed23afb25550d1c2d5fdb9901d9c67a16e0b16eaf7e2550", size = 6237784, upload-time = "2024-10-05T18:37:18.611Z" },
    { url = "https://files.pythonhosted.org/packages/4c/79/73735a6a5dad6059c085f240a4e74c9270feccd2bc66e4d31b5ca01d329c/numpy-2.1.2-cp312-cp312-win_amd64.whl", hash = "sha256:456e3b11cb79ac9946c822a56346ec80275eaf2950314b249b512896c0d2505e", size = 12568254, upload-time = "2024-10-05T18:37:38.159Z" },
    { url = "https://files.pythonhosted.org/packages/16/72/716fa1dbe92395a9a623d5049203ff8ddb0cfce65b9df9117c3696ccc011/numpy-2.1.2-cp313-cp313-macosx_10_13_x86_64.whl", hash = "sha256:a84498e0d0a1174f2b3ed769b67b656aa5460c92c9554039e11f20a05650f00d", size = 20834690, upload-time = "2024-10-05T18:38:09.046Z" },
    { url = "https://files.pythonhosted.org/packages/1e/fb/3e85a39511586053b5c6a59a643879e376fae22230ebfef9cfabb0e032e2/numpy-2.1.2-cp313-cp313-macosx_11_0_arm64.whl", hash = "sha256:4d6ec0d4222e8ffdab1744da2560f07856421b367928026fb540e1945f2eeeaf", size = 13507474, upload-time = "2024-10-05T18:38:29.84Z" },
    { url = "https://files.pythonhosted.org/packages/35/eb/5677556d9ba13436dab51e129f98d4829d95cd1b6bd0e199c14485a4bdb9/numpy-2.1.2-cp313-cp313-macosx_14_0_arm64.whl", hash = "sha256:259ec80d54999cc34cd1eb8ded513cb053c3bf4829152a2e00de2371bd406f5e", size = 5074742, upload-time = "2024-10-05T18:38:39.034Z" },
    { url = "https://files.pythonhosted.org/packages/3e/c5/6c5ef5ba41b65a7e51bed50dbf3e1483eb578055633dd013e811a28e96a1/numpy-2.1.2-cp313-cp313-macosx_14_0_x86_64.whl", hash = "sha256:675c741d4739af2dc20cd6c6a5c4b7355c728167845e3c6b0e824e4e5d36a6c3", size = 6606787, upload-time = "2024-10-05T18:38:49.89Z" },
    { url = "https://files.pythonhosted.org/packages/08/ac/f2f29dd4fd325b379c7dc932a0ebab22f0e031dbe80b2f6019b291a3a544/numpy-2.1.2-cp313-cp313-manylinux_2_17_aarch64.manylinux2014_aarch64.whl", hash = "sha256:05b2d4e667895cc55e3ff2b56077e4c8a5604361fc21a042845ea3ad67465aa8", size = 13601333, upload-time = "2024-10-05T18:39:09.893Z" },
    { url = "https://files.pythonhosted.org/packages/44/26/63f5f4e5089654dfb858f4892215ed968cd1a68e6f4a83f9961f84f855cb/numpy-2.1.2-cp313-cp313-manylinux_2_17_x86_64.manylinux2014_x86_64.whl", hash = "sha256:43cca367bf94a14aca50b89e9bc2061683116cfe864e56740e083392f533ce7a", size = 16038090, upload-time = "2024-10-05T18:39:34.351Z" },
    { url = "https://files.pythonhosted.org/packages/1d/21/015e0594de9c3a8d5edd24943d2bd23f102ec71aec026083f822f86497e2/numpy-2.1.2-cp313-cp313-musllinux_1_1_x86_64.whl", hash = "sha256:76322dcdb16fccf2ac56f99048af32259dcc488d9b7e25b51e5eca5147a3fb98", size = 16410865, upload-time = "2024-10-05T18:39:59.156Z" },
    { url = "https://files.pythonhosted.org/packages/df/01/c1bcf9e6025d79077fbf3f3ee503b50aa7bfabfcd8f4b54f5829f4c00f3f/numpy-2.1.2-cp313-cp313-musllinux_1_2_aarch64.whl", hash = "sha256:32e16a03138cabe0cb28e1007ee82264296ac0983714094380b408097a418cfe", size = 14078077, upload-time = "2024-10-05T18:40:21.4Z" },
    { url = "https://files.pythonhosted.org/packages/ba/06/db9d127d63bd11591770ba9f3d960f8041e0f895184b9351d4b1b5b56983/numpy-2.1.2-cp313-cp313-win32.whl", hash = "sha256:242b39d00e4944431a3cd2db2f5377e15b5785920421993770cddb89992c3f3a", size = 6234904, upload-time = "2024-10-05T18:43:17.586Z" },
    { url = "https://files.pythonhosted.org/packages/a9/96/9f61f8f95b6e0ea0aa08633b704c75d1882bdcb331bdf8bfd63263b25b00/numpy-2.1.2-cp313-cp313-win_amd64.whl", hash = "sha256:f2ded8d9b6f68cc26f8425eda5d3877b47343e68ca23d0d0846f4d312ecaa445", size = 12561910, upload-time = "2024-10-05T18:43:37.347Z" },
    { url = "https://files.pythonhosted.org/packages/36/b8/033f627821784a48e8f75c218033471eebbaacdd933f8979c79637a1b44b/numpy-2.1.2-cp313-cp313t-macosx_10_13_x86_64.whl", hash = "sha256:2ffef621c14ebb0188a8633348504a35c13680d6da93ab5cb86f4e54b7e922b5", size = 20857719, upload-time = "2024-10-05T18:40:52.31Z" },
    { url = "https://files.pythonhosted.org/packages/96/46/af5726fde5b74ed83f2f17a73386d399319b7ed4d51279fb23b721d0816d/numpy-2.1.2-cp313-cp313t-macosx_11_0_arm64.whl", hash = "sha256:ad369ed238b1959dfbade9018a740fb9392c5ac4f9b5173f420bd4f37ba1f7a0", size = 13518826, upload-time = "2024-10-05T18:41:13.504Z" },
    { url = "https://files.pythonhosted.org/packages/db/6e/8ce677edf36da1c4dae80afe5529f47690697eb55b4864673af260ccea7b/numpy-2.1.2-cp313-cp313t-macosx_14_0_arm64.whl", hash = "sha256:d82075752f40c0ddf57e6e02673a17f6cb0f8eb3f587f63ca1eaab5594da5b17", size = 5115036, upload-time = "2024-10-05T18:41:23.277Z" },
    { url = "https://files.pythonhosted.org/packages/6a/ba/3cce44fb1b8438042c11847048812a776f75ee0e7070179c22e4cfbf420c/numpy-2.1.2-cp313-cp313t-macosx_14_0_x86_64.whl", hash = "sha256:1600068c262af1ca9580a527d43dc9d959b0b1d8e56f8a05d830eea39b7c8af6", size = 6628641, upload-time = "2024-10-05T18:41:35.209Z" },
    { url = "https://files.pythonhosted.org/packages/59/c8/e722998720ccbd35ffbcf1d1b8ed0aa2304af88d3f1c38e06ebf983599b3/numpy-2.1.2-cp313-cp313t-manylinux_2_17_aarch64.manylinux2014_aarch64.whl", hash = "sha256:a26ae94658d3ba3781d5e103ac07a876b3e9b29db53f68ed7df432fd033358a8", size = 13574803, upload-time = "2024-10-05T18:41:55.827Z" },
    { url = "https://files.pythonhosted.org/packages/7c/8e/fc1fdd83a55476765329ac2913321c4aed5b082a7915095628c4ca30ea72/numpy-2.1.2-cp313-cp313t-manylinux_2_17_x86_64.manylinux2014_x86_64.whl", hash = "sha256:13311c2db4c5f7609b462bc0f43d3c465424d25c626d95040f073e30f7570e35", size = 16021174, upload-time = "2024-10-05T18:42:20.29Z" },
    { url = "https://files.pythonhosted.org/packages/2a/b6/a790742aa88067adb4bd6c89a946778c1417d4deaeafce3ca928f26d4c52/numpy-2.1.2-cp313-cp313t-musllinux_1_1_x86_64.whl", hash = "sha256:2abbf905a0b568706391ec6fa15161fad0fb5d8b68d73c461b3c1bab6064dd62", size = 16400117, upload-time = "2024-10-05T18:42:44.813Z" },
    { url = "https://files.pythonhosted.org/packages/48/6f/129e3c17e3befe7fefdeaa6890f4c4df3f3cf0831aa053802c3862da67aa/numpy-2.1.2-cp313-cp313t-musllinux_1_2_aarch64.whl", hash = "sha256:ef444c57d664d35cac4e18c298c47d7b504c66b17c2ea91312e979fcfbdfb08a", size = 14066202, upload-time = "2024-10-05T18:43:06.803Z" },
]

[[package]]
name = "pbr"
version = "6.1.0"
source = { registry = "https://pypi.org/simple" }
sdist = { url = "https://files.pythonhosted.org/packages/b2/35/80cf8f6a4f34017a7fe28242dc45161a1baa55c41563c354d8147e8358b2/pbr-6.1.0.tar.gz", hash = "sha256:788183e382e3d1d7707db08978239965e8b9e4e5ed42669bf4758186734d5f24", size = 124032, upload-time = "2024-08-27T13:18:17.792Z" }
wheels = [
    { url = "https://files.pythonhosted.org/packages/1d/44/6a65ecd630393d47ad3e7d5354768cb7f9a10b3a0eb2cd8c6f52b28211ee/pbr-6.1.0-py2.py3-none-any.whl", hash = "sha256:a776ae228892d8013649c0aeccbb3d5f99ee15e005a4cbb7e61d55a067b28a2a", size = 108529, upload-time = "2024-08-27T13:18:16.26Z" },
]

[[package]]
name = "psutil"
version = "6.1.0"
source = { registry = "https://pypi.org/simple" }
sdist = { url = "https://files.pythonhosted.org/packages/26/10/2a30b13c61e7cf937f4adf90710776b7918ed0a9c434e2c38224732af310/psutil-6.1.0.tar.gz", hash = "sha256:353815f59a7f64cdaca1c0307ee13558a0512f6db064e92fe833784f08539c7a", size = 508565, upload-time = "2024-10-17T21:31:45.68Z" }
wheels = [
    { url = "https://files.pythonhosted.org/packages/01/9e/8be43078a171381953cfee33c07c0d628594b5dbfc5157847b85022c2c1b/psutil-6.1.0-cp36-abi3-macosx_10_9_x86_64.whl", hash = "sha256:6e2dcd475ce8b80522e51d923d10c7871e45f20918e027ab682f94f1c6351688", size = 247762, upload-time = "2024-10-17T21:32:05.991Z" },
    { url = "https://files.pythonhosted.org/packages/1d/cb/313e80644ea407f04f6602a9e23096540d9dc1878755f3952ea8d3d104be/psutil-6.1.0-cp36-abi3-macosx_11_0_arm64.whl", hash = "sha256:0895b8414afafc526712c498bd9de2b063deaac4021a3b3c34566283464aff8e", size = 248777, upload-time = "2024-10-17T21:32:07.872Z" },
    { url = "https://files.pythonhosted.org/packages/65/8e/bcbe2025c587b5d703369b6a75b65d41d1367553da6e3f788aff91eaf5bd/psutil-6.1.0-cp36-abi3-manylinux_2_12_i686.manylinux2010_i686.manylinux_2_17_i686.manylinux2014_i686.whl", hash = "sha256:9dcbfce5d89f1d1f2546a2090f4fcf87c7f669d1d90aacb7d7582addece9fb38", size = 284259, upload-time = "2024-10-17T21:32:10.177Z" },
    { url = "https://files.pythonhosted.org/packages/58/4d/8245e6f76a93c98aab285a43ea71ff1b171bcd90c9d238bf81f7021fb233/psutil-6.1.0-cp36-abi3-manylinux_2_12_x86_64.manylinux2010_x86_64.manylinux_2_17_x86_64.manylinux2014_x86_64.whl", hash = "sha256:498c6979f9c6637ebc3a73b3f87f9eb1ec24e1ce53a7c5173b8508981614a90b", size = 287255, upload-time = "2024-10-17T21:32:11.964Z" },
    { url = "https://files.pythonhosted.org/packages/27/c2/d034856ac47e3b3cdfa9720d0e113902e615f4190d5d1bdb8df4b2015fb2/psutil-6.1.0-cp36-abi3-manylinux_2_17_aarch64.manylinux2014_aarch64.whl", hash = "sha256:d905186d647b16755a800e7263d43df08b790d709d575105d419f8b6ef65423a", size = 288804, upload-time = "2024-10-17T21:32:13.785Z" },
    { url = "https://files.pythonhosted.org/packages/ea/55/5389ed243c878725feffc0d6a3bc5ef6764312b6fc7c081faaa2cfa7ef37/psutil-6.1.0-cp37-abi3-win32.whl", hash = "sha256:1ad45a1f5d0b608253b11508f80940985d1d0c8f6111b5cb637533a0e6ddc13e", size = 250386, upload-time = "2024-10-17T21:32:21.399Z" },
    { url = "https://files.pythonhosted.org/packages/11/91/87fa6f060e649b1e1a7b19a4f5869709fbf750b7c8c262ee776ec32f3028/psutil-6.1.0-cp37-abi3-win_amd64.whl", hash = "sha256:a8fb3752b491d246034fa4d279ff076501588ce8cbcdbb62c32fd7a377d996be", size = 254228, upload-time = "2024-10-17T21:32:23.88Z" },
]

[[package]]
name = "python-dateutil"
version = "2.9.0.post0"
source = { registry = "https://pypi.org/simple" }
dependencies = [
    { name = "six" },
]
sdist = { url = "https://files.pythonhosted.org/packages/66/c0/0c8b6ad9f17a802ee498c46e004a0eb49bc148f2fd230864601a86dcf6db/python-dateutil-2.9.0.post0.tar.gz", hash = "sha256:37dd54208da7e1cd875388217d5e00ebd4179249f90fb72437e91a35459a0ad3", size = 342432, upload-time = "2024-03-01T18:36:20.211Z" }
wheels = [
    { url = "https://files.pythonhosted.org/packages/ec/57/56b9bcc3c9c6a792fcbaf139543cee77261f3651ca9da0c93f5c1221264b/python_dateutil-2.9.0.post0-py2.py3-none-any.whl", hash = "sha256:a8b2bc7bffae282281c8140a97d3aa9c14da0b136dfe83f850eea9a5f7470427", size = 229892, upload-time = "2024-03-01T18:36:18.57Z" },
]

[[package]]
name = "qcoder"
version = "0.1.0"
source = { virtual = "." }
dependencies = [
    { name = "dill" },
    { name = "mpmath" },
    { name = "numpy" },
    { name = "pbr" },
    { name = "psutil" },
    { name = "python-dateutil" },
    { name = "qiskit" },
    { name = "qiskit-aer" },
    { name = "rustworkx" },
    { name = "scipy" },
    { name = "six" },
    { name = "stevedore" },
    { name = "symengine" },
    { name = "sympy" },
    { name = "typing-extensions" },
]

[package.metadata]
requires-dist = [
    { name = "dill", specifier = "==0.3.9" },
    { name = "mpmath", specifier = "==1.3.0" },
    { name = "numpy", specifier = "==2.1.2" },
    { name = "pbr", specifier = "==6.1.0" },
    { name = "psutil", specifier = "==6.1.0" },
    { name = "python-dateutil", specifier = "==2.9.0.post0" },
    { name = "qiskit", specifier = "==1.3.2" },
    { name = "qiskit-aer", specifier = "==0.15.1" },
    { name = "rustworkx", specifier = "==0.15.1" },
    { name = "scipy", specifier = "==1.14.1" },
    { name = "six", specifier = "==1.16.0" },
    { name = "stevedore", specifier = "==5.3.0" },
    { name = "symengine", specifier = "==0.13.0" },
    { name = "sympy", specifier = "==1.13.3" },
    { name = "typing-extensions", specifier = "==4.12.2" },
]

[[package]]
name = "qiskit"
version = "1.3.2"
source = { registry = "https://pypi.org/simple" }
dependencies = [
    { name = "dill" },
    { name = "numpy" },
    { name = "python-dateutil" },
    { name = "rustworkx" },
    { name = "scipy" },
    { name = "stevedore" },
    { name = "symengine" },
    { name = "sympy" },
    { name = "typing-extensions" },
]
sdist = { url = "https://files.pythonhosted.org/packages/8f/35/88f68a1746ecdbfa1b1a13b28d21010732e3aa734876a276a36efaeed0b5/qiskit-1.3.2.tar.gz", hash = "sha256:6e63c619bcc3e29cd59f831af5b161b35951498c272d00da01a3fef7db3743c9", size = 3915105, upload-time = "2025-01-20T12:51:35.128Z" }
wheels = [
    { url = "https://files.pythonhosted.org/packages/0a/ac/c7bd9f159166c04fa3cad1a8a6c05b76aa2993477be29ea44f50d8e81023/qiskit-1.3.2-cp39-abi3-macosx_10_12_x86_64.whl", hash = "sha256:3fe16377787e31c67b87b2baa9fe3239ffab46e1697ed7dfc4687f89f283453b", size = 6567126, upload-time = "2025-01-20T12:51:17.941Z" },
    { url = "https://files.pythonhosted.org/packages/46/12/22fa1f4ac05248e5e15157c255b025a3040e522f32a17ad3821163fa8ec4/qiskit-1.3.2-cp39-abi3-macosx_11_0_arm64.whl", hash = "sha256:fc7be685e0f144825201da4c818e370977ab1be07049587899b209beca48a39e", size = 6246552, upload-time = "2025-01-20T12:51:22.024Z" },
    { url = "https://files.pythonhosted.org/packages/cd/b3/c6e0bbaf6bd0bb2f36c28ef7a672bf3cb0db41faa19611319a5fc76661fc/qiskit-1.3.2-cp39-abi3-manylinux_2_17_aarch64.manylinux2014_aarch64.whl", hash = "sha256:2f5a91c0f3f90cd1716aa99357965e4011f6f9fa37636c706a8829f7f408384b", size = 6371735, upload-time = "2025-01-21T11:52:21.939Z" },
    { url = "https://files.pythonhosted.org/packages/6f/b9/610e70f9c9cc7ec8097504abf0e5652f5ed25fc68589171ac5a3b5a67951/qiskit-1.3.2-cp39-abi3-manylinux_2_17_i686.manylinux2014_i686.whl", hash = "sha256:65d5af561b6e0e98b099fe4b7bf099dcd1f09322fa1d47299ba2b2febc873ec7", size = 6720578, upload-time = "2025-01-20T12:51:25.126Z" },
    { url = "https://files.pythonhosted.org/packages/8e/aa/2dd5662761db927b91378e964f970425bd17ddbc5c8a98d05b8b67d1d47e/qiskit-1.3.2-cp39-abi3-manylinux_2_17_ppc64le.manylinux2014_ppc64le.whl", hash = "sha256:a24090a779bf8153a99d3d8d56fe161ccfd57ef96ab55d4320b3f376320ad1ce", size = 6762392, upload-time = "2025-01-21T11:52:27.036Z" },
    { url = "https://files.pythonhosted.org/packages/db/87/1ff556f428599f64857f90c5861fe13335e2fcae3ace26162bb54f6871c2/qiskit-1.3.2-cp39-abi3-manylinux_2_17_s390x.manylinux2014_s390x.whl", hash = "sha256:253fa4d8b27c9dd1462fe67fec7428c2a3784216aa06babbb1a47547fa2afe8f", size = 7919144, upload-time = "2025-01-21T11:52:29.837Z" },
    { url = "https://files.pythonhosted.org/packages/5a/b9/5d948b7def96f37285b065b18605b291d3dd82ad569b480d8f15968cfb4a/qiskit-1.3.2-cp39-abi3-manylinux_2_17_x86_64.manylinux2014_x86_64.whl", hash = "sha256:309f6db004ea8044df9ac9359c31dcce0cc12afb6ece6eb035ca86b9bf87a21c", size = 6767095, upload-time = "2025-01-20T12:51:27.391Z" },
    { url = "https://files.pythonhosted.org/packages/9e/0c/88b1c2054650432d2f8311e1d3b1aba3496418b0265f7f7837b44c749665/qiskit-1.3.2-cp39-abi3-win32.whl", hash = "sha256:113a6962b3cd79a0aeeee92072a3e808291e776d8ca7ab25dffaea2e0c288b8d", size = 6124425, upload-time = "2025-01-20T12:51:30.833Z" },
    { url = "https://files.pythonhosted.org/packages/d2/8a/8d06540a938c0141602e94a1d64949ed948b5cf8bba2c062988a15cd762b/qiskit-1.3.2-cp39-abi3-win_amd64.whl", hash = "sha256:8ec122c81f832c1a9202dae6485d402d1444845be2c53809f10d82cb1423e735", size = 6509080, upload-time = "2025-01-20T12:51:33.118Z" },
]

[[package]]
name = "qiskit-aer"
version = "0.15.1"
source = { registry = "https://pypi.org/simple" }
dependencies = [
    { name = "numpy" },
    { name = "psutil" },
    { name = "qiskit" },
    { name = "scipy" },
]
sdist = { url = "https://files.pythonhosted.org/packages/37/39/044e35f1da0011fe44a3b2729b347851a452fc85e701b102dbdfbbbf6bd1/qiskit-aer-0.15.1.tar.gz", hash = "sha256:45f320790c9239bbe781a1ee14a329a20ad08878f01746fe405c836d202b2560", size = 6550165, upload-time = "2024-09-13T10:32:17.85Z" }
wheels = [
    { url = "https://files.pythonhosted.org/packages/9f/e6/f2611ada4690bacac3073873865d29eed15244d4f4a76c44a5da3855ac3d/qiskit_aer-0.15.1-cp312-cp312-macosx_10_9_x86_64.whl", hash = "sha256:df16643006cf25a1ed477a120b6146859f09e8dee09ca720befb3a1febee9546", size = 2475586, upload-time = "2024-09-13T18:08:29.754Z" },
    { url = "https://files.pythonhosted.org/packages/7e/45/f35bc0971f7333cfeed6e28dc53d1c8a371f2177474176ce1c9585fa6d7d/qiskit_aer-0.15.1-cp312-cp312-macosx_11_0_arm64.whl", hash = "sha256:1d22c96bae21dbe4b97c30785ead2c2b53f897938da49bca6b4ef29d187765a6", size = 2158945, upload-time = "2024-09-13T18:08:31.76Z" },
    { url = "https://files.pythonhosted.org/packages/9c/c0/c418189d92f92e713d6e096b9b5ead3b49d956465e7a952795b1763a80b3/qiskit_aer-0.15.1-cp312-cp312-manylinux_2_17_aarch64.manylinux2014_aarch64.whl", hash = "sha256:1288fd5c36235f5fedfc228956049e87bdd804cbc2b3a487a4453d9e7e72f420", size = 6420353, upload-time = "2024-09-13T19:31:10.706Z" },
    { url = "https://files.pythonhosted.org/packages/99/92/fde09045179e7a5e2bae4185f311fde9ab9ef843440ff4bc69742de59a86/qiskit_aer-0.15.1-cp312-cp312-manylinux_2_17_i686.manylinux2014_i686.whl", hash = "sha256:ca0783607942c724329172e21b53354c9d569420e02dbfd06c407ed588833cf6", size = 7939163, upload-time = "2024-09-13T10:31:20.235Z" },
    { url = "https://files.pythonhosted.org/packages/ca/a7/baa91866f9468322ec212508dd5629f15a08a374800dfb75dc25ae409590/qiskit_aer-0.15.1-cp312-cp312-manylinux_2_17_ppc64le.manylinux2014_ppc64le.whl", hash = "sha256:cbad79290e4b850dca163b7960769a1a8db6d44abf232ecf0a6ce88740c83ab9", size = 7887094, upload-time = "2024-09-13T08:36:41.057Z" },
    { url = "https://files.pythonhosted.org/packages/80/ae/85e51a211b387af4cb7526fac6e7850ec1a7f674e4a16ba623c46dbc61ac/qiskit_aer-0.15.1-cp312-cp312-manylinux_2_17_x86_64.manylinux2014_x86_64.whl", hash = "sha256:f2257b4828df8cb3f37e153c220cd72f54a81d89875711efbc3ac2f265e0ae4a", size = 12339245, upload-time = "2024-09-13T10:31:22.773Z" },
    { url = "https://files.pythonhosted.org/packages/1a/b4/b171b94f276ca8a853a0fc1acb38515936ca55d09e2118b90c1a9b839fdf/qiskit_aer-0.15.1-cp312-cp312-win32.whl", hash = "sha256:0f8a3f97f1bbeabb7d229879f7a0b6b8709f864fbc13ae78ec1569a65033ea3b", size = 6896779, upload-time = "2024-09-13T18:08:34.248Z" },
    { url = "https://files.pythonhosted.org/packages/a7/eb/284cedc9cdeecd139939db70cf875806ca5df977d5af21e6fa09f1d82a8e/qiskit_aer-0.15.1-cp312-cp312-win_amd64.whl", hash = "sha256:af6501808b584b764e959af7a1edb2ef890c9a78f1ce418921dbdf6fd09ce0fc", size = 9519513, upload-time = "2024-09-13T18:08:37.774Z" },
]

[[package]]
name = "rustworkx"
version = "0.15.1"
source = { registry = "https://pypi.org/simple" }
dependencies = [
    { name = "numpy" },
]
sdist = { url = "https://files.pythonhosted.org/packages/5e/07/1af3ead27f1da113a60dc6735c761da6fc2e2db4cfc414bbcd03a989ccee/rustworkx-0.15.1.tar.gz", hash = "sha256:0e0cc86599f979285b2ab9c357276f3272f3fcb3b2df5651a6bf9704c570d4c1", size = 342216, upload-time = "2024-06-28T15:33:22.694Z" }
wheels = [
    { url = "https://files.pythonhosted.org/packages/37/06/adeed1d166c55920a6a83085e8c8c8b24c8d7708de99f7a814458a3c4529/rustworkx-0.15.1-cp38-abi3-macosx_10_12_x86_64.whl", hash = "sha256:6cd4496d3298cd3205c03545e48cc37d21e0455d57752af801d3fb250452d590", size = 1880966, upload-time = "2024-06-28T15:32:36.156Z" },
    { url = "https://files.pythonhosted.org/packages/03/11/95350c7eeade2e61a736f1ca956ee04acb920b7b080ff0c058c40cc7bbf3/rustworkx-0.15.1-cp38-abi3-macosx_11_0_arm64.whl", hash = "sha256:cb518f5649e62d753e29ca1e57290c8f58adbebcd154dc3159f4a36ebfa1e2b7", size = 1707452, upload-time = "2024-06-28T15:32:37.935Z" },
    { url = "https://files.pythonhosted.org/packages/2f/2b/494982ecc4618796aacb8069bc176d895cec4bf1ac8dd0b1d69657d920c4/rustworkx-0.15.1-cp38-abi3-manylinux_2_12_i686.manylinux2010_i686.manylinux_2_17_i686.manylinux2014_i686.whl", hash = "sha256:6ac68ae2515ece22ba3ef56f3d16ad6bf707955f650d623190b2e7d706c6dc92", size = 2009359, upload-time = "2024-06-28T15:32:39.72Z" },
    { url = "https://files.pythonhosted.org/packages/7f/3c/23304cf86c4af6014884bde046073105ace6250b6a0914c1090f2643d03c/rustworkx-0.15.1-cp38-abi3-manylinux_2_17_aarch64.manylinux2014_aarch64.whl", hash = "sha256:8b903edec1d803704b499959f9d6f6119cdda63b9b64194a4b4307e506b112f0", size = 1862943, upload-time = "2024-06-28T15:45:49.687Z" },
    { url = "https://files.pythonhosted.org/packages/b3/2a/03e6ff45cb772d249d4bf2d433a2acd2ec857615b3c1d44f0fa49e13aa63/rustworkx-0.15.1-cp38-abi3-manylinux_2_17_ppc64le.manylinux2014_ppc64le.whl", hash = "sha256:a2c97a56ff8a0f6c273a83e26e627c72207442b4252aa550acad0bff42caac40", size = 2029096, upload-time = "2024-06-28T18:31:04.049Z" },
    { url = "https://files.pythonhosted.org/packages/15/88/a3710209f647d89358c81b5974aee48b1ab361fd016dcae81824e29ee645/rustworkx-0.15.1-cp38-abi3-manylinux_2_17_s390x.manylinux2014_s390x.whl", hash = "sha256:241c502532e348ba89200823326dba30de4df4b886cb2fd5a140b359ff124bb3", size = 3611892, upload-time = "2024-06-28T15:43:11.578Z" },
    { url = "https://files.pythonhosted.org/packages/cb/a0/af448af28514e82f36e7431bc88e933ad043e5a95a7985bd9458a05877c6/rustworkx-0.15.1-cp38-abi3-manylinux_2_17_x86_64.manylinux2014_x86_64.whl", hash = "sha256:7e5f4156f46fa03177c9b0580450eab87786063495d48b457762a5bdd20c55e2", size = 1950466, upload-time = "2024-06-28T15:32:41.118Z" },
    { url = "https://files.pythonhosted.org/packages/c6/fe/1e9a8a29c21080155b7422011a3c472aa45dbb3b8bb6f610958eb906a713/rustworkx-0.15.1-cp38-abi3-musllinux_1_1_aarch64.whl", hash = "sha256:7834ab34748db6214ec3b3836b996b23882dc83184234e6d346d6bb85fd58ae5", size = 1888003, upload-time = "2024-06-28T15:28:04.96Z" },
    { url = "https://files.pythonhosted.org/packages/65/66/daf6fffadb749574f78cd70919e598371d40484993ed005ed5efbef28b4e/rustworkx-0.15.1-cp38-abi3-musllinux_1_1_x86_64.whl", hash = "sha256:ce53f173fed16e1d51d9df9f23475a16c981b03bf1a412d991c75a70db6b1dc1", size = 1976312, upload-time = "2024-06-28T15:32:42.894Z" },
    { url = "https://files.pythonhosted.org/packages/d5/ea/9cbf42b4d9a2b6ad18736bc2149d2b2439075b70094232ba3494fd14845b/rustworkx-0.15.1-cp38-abi3-win32.whl", hash = "sha256:308bc76a01bcae9af4602d8b9ed58021df37dd0bb5a7b2e3831ae53c5e234ff0", size = 1683889, upload-time = "2024-06-28T15:32:44.665Z" },
    { url = "https://files.pythonhosted.org/packages/9c/c6/50f5736f5dac1709c6c8b6ac3470f466fd793dd25c081923942caf13051f/rustworkx-0.15.1-cp38-abi3-win_amd64.whl", hash = "sha256:89077382633e918d2392772f53b9d6d30eee51eb536f8d38ee195c212b2f0427", size = 1840525, upload-time = "2024-06-28T15:32:46.443Z" },
]

[[package]]
name = "scipy"
version = "1.14.1"
source = { registry = "https://pypi.org/simple" }
dependencies = [
    { name = "numpy" },
]
sdist = { url = "https://files.pythonhosted.org/packages/62/11/4d44a1f274e002784e4dbdb81e0ea96d2de2d1045b2132d5af62cc31fd28/scipy-1.14.1.tar.gz", hash = "sha256:5a275584e726026a5699459aa72f828a610821006228e841b94275c4a7c08417", size = 58620554, upload-time = "2024-08-21T00:09:20.662Z" }
wheels = [
    { url = "https://files.pythonhosted.org/packages/c0/04/2bdacc8ac6387b15db6faa40295f8bd25eccf33f1f13e68a72dc3c60a99e/scipy-1.14.1-cp312-cp312-macosx_10_13_x86_64.whl", hash = "sha256:631f07b3734d34aced009aaf6fedfd0eb3498a97e581c3b1e5f14a04164a456d", size = 39128781, upload-time = "2024-08-21T04:08:04.15Z" },
    { url = "https://files.pythonhosted.org/packages/c8/53/35b4d41f5fd42f5781dbd0dd6c05d35ba8aa75c84ecddc7d44756cd8da2e/scipy-1.14.1-cp312-cp312-macosx_12_0_arm64.whl", hash = "sha256:af29a935803cc707ab2ed7791c44288a682f9c8107bc00f0eccc4f92c08d6e07", size = 29939542, upload-time = "2024-08-21T00:05:25.758Z" },
    { url = "https://files.pythonhosted.org/packages/66/67/6ef192e0e4d77b20cc33a01e743b00bc9e68fb83b88e06e636d2619a8767/scipy-1.14.1-cp312-cp312-macosx_14_0_arm64.whl", hash = "sha256:2843f2d527d9eebec9a43e6b406fb7266f3af25a751aa91d62ff416f54170bc5", size = 23148375, upload-time = "2024-08-21T00:05:30.359Z" },
    { url = "https://files.pythonhosted.org/packages/f6/32/3a6dedd51d68eb7b8e7dc7947d5d841bcb699f1bf4463639554986f4d782/scipy-1.14.1-cp312-cp312-macosx_14_0_x86_64.whl", hash = "sha256:eb58ca0abd96911932f688528977858681a59d61a7ce908ffd355957f7025cfc", size = 25578573, upload-time = "2024-08-21T00:05:35.274Z" },
    { url = "https://files.pythonhosted.org/packages/f0/5a/efa92a58dc3a2898705f1dc9dbaf390ca7d4fba26d6ab8cfffb0c72f656f/scipy-1.14.1-cp312-cp312-manylinux_2_17_aarch64.manylinux2014_aarch64.whl", hash = "sha256:30ac8812c1d2aab7131a79ba62933a2a76f582d5dbbc695192453dae67ad6310", size = 35319299, upload-time = "2024-08-21T00:05:40.956Z" },
    { url = "https://files.pythonhosted.org/packages/8e/ee/8a26858ca517e9c64f84b4c7734b89bda8e63bec85c3d2f432d225bb1886/scipy-1.14.1-cp312-cp312-manylinux_2_17_x86_64.manylinux2014_x86_64.whl", hash = "sha256:8f9ea80f2e65bdaa0b7627fb00cbeb2daf163caa015e59b7516395fe3bd1e066", size = 40849331, upload-time = "2024-08-21T00:05:47.53Z" },
    { url = "https://files.pythonhosted.org/packages/a5/cd/06f72bc9187840f1c99e1a8750aad4216fc7dfdd7df46e6280add14b4822/scipy-1.14.1-cp312-cp312-musllinux_1_2_x86_64.whl", hash = "sha256:edaf02b82cd7639db00dbff629995ef185c8df4c3ffa71a5562a595765a06ce1", size = 42544049, upload-time = "2024-08-21T00:05:59.294Z" },
    { url = "https://files.pythonhosted.org/packages/aa/7d/43ab67228ef98c6b5dd42ab386eae2d7877036970a0d7e3dd3eb47a0d530/scipy-1.14.1-cp312-cp312-win_amd64.whl", hash = "sha256:2ff38e22128e6c03ff73b6bb0f85f897d2362f8c052e3b8ad00532198fbdae3f", size = 44521212, upload-time = "2024-08-21T00:06:06.521Z" },
    { url = "https://files.pythonhosted.org/packages/50/ef/ac98346db016ff18a6ad7626a35808f37074d25796fd0234c2bb0ed1e054/scipy-1.14.1-cp313-cp313-macosx_10_13_x86_64.whl", hash = "sha256:1729560c906963fc8389f6aac023739ff3983e727b1a4d87696b7bf108316a79", size = 39091068, upload-time = "2024-08-21T00:06:13.671Z" },
    { url = "https://files.pythonhosted.org/packages/b9/cc/70948fe9f393b911b4251e96b55bbdeaa8cca41f37c26fd1df0232933b9e/scipy-1.14.1-cp313-cp313-macosx_12_0_arm64.whl", hash = "sha256:4079b90df244709e675cdc8b93bfd8a395d59af40b72e339c2287c91860deb8e", size = 29875417, upload-time = "2024-08-21T00:06:21.482Z" },
    { url = "https://files.pythonhosted.org/packages/3b/2e/35f549b7d231c1c9f9639f9ef49b815d816bf54dd050da5da1c11517a218/scipy-1.14.1-cp313-cp313-macosx_14_0_arm64.whl", hash = "sha256:e0cf28db0f24a38b2a0ca33a85a54852586e43cf6fd876365c86e0657cfe7d73", size = 23084508, upload-time = "2024-08-21T00:06:28.064Z" },
    { url = "https://files.pythonhosted.org/packages/3f/d6/b028e3f3e59fae61fb8c0f450db732c43dd1d836223a589a8be9f6377203/scipy-1.14.1-cp313-cp313-macosx_14_0_x86_64.whl", hash = "sha256:0c2f95de3b04e26f5f3ad5bb05e74ba7f68b837133a4492414b3afd79dfe540e", size = 25503364, upload-time = "2024-08-21T00:06:35.25Z" },
    { url = "https://files.pythonhosted.org/packages/a7/2f/6c142b352ac15967744d62b165537a965e95d557085db4beab2a11f7943b/scipy-1.14.1-cp313-cp313-manylinux_2_17_aarch64.manylinux2014_aarch64.whl", hash = "sha256:b99722ea48b7ea25e8e015e8341ae74624f72e5f21fc2abd45f3a93266de4c5d", size = 35292639, upload-time = "2024-08-21T00:06:44.542Z" },
    { url = "https://files.pythonhosted.org/packages/56/46/2449e6e51e0d7c3575f289f6acb7f828938eaab8874dbccfeb0cd2b71a27/scipy-1.14.1-cp313-cp313-manylinux_2_17_x86_64.manylinux2014_x86_64.whl", hash = "sha256:5149e3fd2d686e42144a093b206aef01932a0059c2a33ddfa67f5f035bdfe13e", size = 40798288, upload-time = "2024-08-21T00:06:54.182Z" },
    { url = "https://files.pythonhosted.org/packages/32/cd/9d86f7ed7f4497c9fd3e39f8918dd93d9f647ba80d7e34e4946c0c2d1a7c/scipy-1.14.1-cp313-cp313-musllinux_1_2_x86_64.whl", hash = "sha256:e4f5a7c49323533f9103d4dacf4e4f07078f360743dec7f7596949149efeec06", size = 42524647, upload-time = "2024-08-21T00:07:04.649Z" },
    { url = "https://files.pythonhosted.org/packages/f5/1b/6ee032251bf4cdb0cc50059374e86a9f076308c1512b61c4e003e241efb7/scipy-1.14.1-cp313-cp313-win_amd64.whl", hash = "sha256:baff393942b550823bfce952bb62270ee17504d02a1801d7fd0719534dfb9c84", size = 44469524, upload-time = "2024-08-21T00:07:15.381Z" },
]

[[package]]
name = "six"
version = "1.16.0"
source = { registry = "https://pypi.org/simple" }
sdist = { url = "https://files.pythonhosted.org/packages/71/39/171f1c67cd00715f190ba0b100d606d440a28c93c7714febeca8b79af85e/six-1.16.0.tar.gz", hash = "sha256:1e61c37477a1626458e36f7b1d82aa5c9b094fa4802892072e49de9c60c4c926", size = 34041, upload-time = "2021-05-05T14:18:18.379Z" }
wheels = [
    { url = "https://files.pythonhosted.org/packages/d9/5a/e7c31adbe875f2abbb91bd84cf2dc52d792b5a01506781dbcf25c91daf11/six-1.16.0-py2.py3-none-any.whl", hash = "sha256:8abb2f1d86890a2dfb989f9a77cfcfd3e47c2a354b01111771326f8aa26e0254", size = 11053, upload-time = "2021-05-05T14:18:17.237Z" },
]

[[package]]
name = "stevedore"
version = "5.3.0"
source = { registry = "https://pypi.org/simple" }
dependencies = [
    { name = "pbr" },
]
sdist = { url = "https://files.pythonhosted.org/packages/c4/59/f8aefa21020054f553bf7e3b405caec7f8d1f432d9cb47e34aaa244d8d03/stevedore-5.3.0.tar.gz", hash = "sha256:9a64265f4060312828151c204efbe9b7a9852a0d9228756344dbc7e4023e375a", size = 513768, upload-time = "2024-08-22T13:45:52.001Z" }
wheels = [
    { url = "https://files.pythonhosted.org/packages/ec/50/70762bdb23f6c2b746b90661f461d33c4913a22a46bb5265b10947e85ffb/stevedore-5.3.0-py3-none-any.whl", hash = "sha256:1efd34ca08f474dad08d9b19e934a22c68bb6fe416926479ba29e5013bcc8f78", size = 49661, upload-time = "2024-08-22T13:45:50.804Z" },
]

[[package]]
name = "symengine"
version = "0.13.0"
source = { registry = "https://pypi.org/simple" }
sdist = { url = "https://files.pythonhosted.org/packages/6b/ff/a2041497a482a0ae585672fe12cc8983c7fc46ce792811b55a067e5e5516/symengine-0.13.0.tar.gz", hash = "sha256:ab83a08897ebf12579702c2b71ba73d4732fb706cc4291d810aedf39c690c14c", size = 114237, upload-time = "2024-09-30T22:06:25.16Z" }
wheels = [
    { url = "https://files.pythonhosted.org/packages/a1/b2/786d3efb98ae1c8e0a9869d6901f24a6633bd621f9e4e1427c86bff35abb/symengine-0.13.0-cp312-cp312-macosx_10_13_x86_64.whl", hash = "sha256:cf91d24f1bfd6d53228593c7804dd106b71b19674d5afc4fa322d516e1793bdd", size = 25853458, upload-time = "2024-09-30T22:04:06.435Z" },
    { url = "https://files.pythonhosted.org/packages/3f/74/78b9e7f17c9b9b345d8ef0dbdefebbfc2c7f00693949c6b5808f8a9e54d8/symengine-0.13.0-cp312-cp312-macosx_11_0_arm64.whl", hash = "sha256:c5615b7eb68890917abd390ebb10434a949165f6064741c1a8cc345fee14e855", size = 22713256, upload-time = "2024-09-30T22:04:10.002Z" },
    { url = "https://files.pythonhosted.org/packages/1d/a8/69f429946e9a9e63a141dcbe519df8a8c3d56aa75fa8440716871efd8b75/symengine-0.13.0-cp312-cp312-manylinux_2_17_aarch64.manylinux2014_aarch64.whl", hash = "sha256:fb92bdf0890de264abaeacbfbdbd4dd7444b94057bd47958d913b662e549ad8a", size = 60847852, upload-time = "2024-09-30T22:04:14.415Z" },
    { url = "https://files.pythonhosted.org/packages/f5/3c/a613d5fa73c1b05eb4f0a4bc2bfa21314d37c89dcdb355da684b5f9bea46/symengine-0.13.0-cp312-cp312-manylinux_2_17_ppc64le.manylinux2014_ppc64le.whl", hash = "sha256:7b3bce486fbc0b87970ed1b10ca9d5cafb1fd6b66382fe631261d83592851d7e", size = 89691094, upload-time = "2024-09-30T22:04:21.012Z" },
    { url = "https://files.pythonhosted.org/packages/90/9f/5a171a9edff23eb0e33e0a2dca295a8b25fd64491ebe8cf765e489bd2bcd/symengine-0.13.0-cp312-cp312-manylinux_2_17_x86_64.manylinux2014_x86_64.whl", hash = "sha256:f7e6bae9cfcdde2775d92fbb0abe3ef04e32f65ebc4c2d164ca33f4da202d4a7", size = 49584342, upload-time = "2024-09-30T22:04:28.117Z" },
    { url = "https://files.pythonhosted.org/packages/07/16/a69dffc665e5007a0b4f1500fc401316aa070d109f83bc6887802dce199d/symengine-0.13.0-cp312-cp312-win_amd64.whl", hash = "sha256:bced0a1dbdb94737c299384c85ddbad6944ce8dadc334f7bb8dbbd8f6c965807", size = 17787218, upload-time = "2024-09-30T22:04:32.066Z" },
    { url = "https://files.pythonhosted.org/packages/f2/51/36ea8d87b61f34d585d09ff585cdc2ba136c501e0a96e861fe81fd0efa5b/symengine-0.13.0-cp313-cp313-macosx_10_13_x86_64.whl", hash = "sha256:5d34df77971538e4c29f2d8e5ef7f459c2179465e6cdb7dfd48b79b87ecd8f4d", size = 25838153, upload-time = "2024-09-30T22:04:35.743Z" },
    { url = "https://files.pythonhosted.org/packages/2a/f7/73cd707633c01760df27d340ac2868788fa0a35034aa09f51f6a289d9a07/symengine-0.13.0-cp313-cp313-macosx_11_0_arm64.whl", hash = "sha256:ab2661d9b18867e7c6edbfa7a74b8b0a2a694bd24aa08003dc3214f77cb9d6f2", size = 22706111, upload-time = "2024-09-30T22:04:38.922Z" },
    { url = "https://files.pythonhosted.org/packages/bc/e7/a1ddc4cc3f2604b18965342523cddd6160b6406d1ef21b58a2dea1c46312/symengine-0.13.0-cp313-cp313-manylinux_2_17_aarch64.manylinux2014_aarch64.whl", hash = "sha256:53f27b9013878ee4419d8e853664d8ae4b68419e3f4b9b5b7f503d32bf904755", size = 60848269, upload-time = "2024-09-30T22:04:43.816Z" },
    { url = "https://files.pythonhosted.org/packages/8a/f5/b127d236a8ccce8b85cec8bcb0221cbb6a4e651d6f5511da925e10714a4c/symengine-0.13.0-cp313-cp313-manylinux_2_17_ppc64le.manylinux2014_ppc64le.whl", hash = "sha256:27987f75ce08c64f453e2b9b74fec6ffc5ca418c4deca0b75580979d4a4e242a", size = 89679345, upload-time = "2024-09-30T22:04:50.53Z" },
    { url = "https://files.pythonhosted.org/packages/49/d0/b07c71dfb6f7f47f90495d67cb0b2264f94f2fb9380e528fe4fcec4c5cfa/symengine-0.13.0-cp313-cp313-manylinux_2_17_x86_64.manylinux2014_x86_64.whl", hash = "sha256:e9ea9410330ea15ed4137d7a0a3c43caccacb71490e18036ce5182d08c93baf8", size = 49582795, upload-time = "2024-09-30T22:04:56.705Z" },
    { url = "https://files.pythonhosted.org/packages/de/c6/3ce562ec269b033a738b99aa75729d564bfe465a765a5b5810200924f5c9/symengine-0.13.0-cp313-cp313-win_amd64.whl", hash = "sha256:5031eb7a5c6675d5195bb57f93cc7d9ac5a7a9a826d4ad6f6b2927746ed7e6e6", size = 17786679, upload-time = "2024-09-30T22:05:30.754Z" },
    { url = "https://files.pythonhosted.org/packages/ca/0f/02031b4ed54fb088ade94082e4658160333c2d5c6629ca7e567ea5a23720/symengine-0.13.0-cp313-cp313t-macosx_10_13_x86_64.whl", hash = "sha256:ce0e5dfb19943bcf3e44a4485bcac4c5533ba3705c63083494eed0b3bf246076", size = 25795209, upload-time = "2024-09-30T22:05:05.713Z" },
    { url = "https://files.pythonhosted.org/packages/34/c0/03e9e34a4e2af73dd786fb966ee3ad7ffa57659e79e4ac390be9e9f6aded/symengine-0.13.0-cp313-cp313t-macosx_11_0_arm64.whl", hash = "sha256:c3b77dc54bf1181f6bd3b3338c4e6e5973a8b0fa20a189d15563ef5626e57b04", size = 22670484, upload-time = "2024-09-30T22:05:08.721Z" },
    { url = "https://files.pythonhosted.org/packages/9d/13/66c8510403089ee157f0a8930a2e043e6f4de9ee514c8084adb958934058/symengine-0.13.0-cp313-cp313t-manylinux_2_17_aarch64.manylinux2014_aarch64.whl", hash = "sha256:ca7c3f6c168f6f5b06b421833c3d3baae56067a94b671bdffbe09b8e4fefd9be", size = 60739889, upload-time = "2024-09-30T22:05:13.331Z" },
    { url = "https://files.pythonhosted.org/packages/70/fe/d0c778204d855257865e713fcbfef11dde34621e07fee439d4d117f43203/symengine-0.13.0-cp313-cp313t-manylinux_2_17_ppc64le.manylinux2014_ppc64le.whl", hash = "sha256:847523de682416811bacb3ad11507e663b3522fbb35cd27184757e9956d0eaf0", size = 89405899, upload-time = "2024-09-30T22:05:20.504Z" },
    { url = "https://files.pythonhosted.org/packages/66/f6/f546e527caf35b7d0f14dbcea278134d4e46d7431821b9ca9f5ec3388a6a/symengine-0.13.0-cp313-cp313t-manylinux_2_17_x86_64.manylinux2014_x86_64.whl", hash = "sha256:ec2fc1b7d96426463f0c9011e9fb88459d906477c1baa8a996dde6fb2bfa99d4", size = 49474632, upload-time = "2024-09-30T22:05:26.083Z" },
]

[[package]]
name = "sympy"
version = "1.13.3"
source = { registry = "https://pypi.org/simple" }
dependencies = [
    { name = "mpmath" },
]
sdist = { url = "https://files.pythonhosted.org/packages/11/8a/5a7fd6284fa8caac23a26c9ddf9c30485a48169344b4bd3b0f02fef1890f/sympy-1.13.3.tar.gz", hash = "sha256:b27fd2c6530e0ab39e275fc9b683895367e51d5da91baa8d3d64db2565fec4d9", size = 7533196, upload-time = "2024-09-18T21:54:25.591Z" }
wheels = [
    { url = "https://files.pythonhosted.org/packages/99/ff/c87e0622b1dadea79d2fb0b25ade9ed98954c9033722eb707053d310d4f3/sympy-1.13.3-py3-none-any.whl", hash = "sha256:54612cf55a62755ee71824ce692986f23c88ffa77207b30c1368eda4a7060f73", size = 6189483, upload-time = "2024-09-18T21:54:23.097Z" },
]

[[package]]
name = "typing-extensions"
version = "4.12.2"
source = { registry = "https://pypi.org/simple" }
sdist = { url = "https://files.pythonhosted.org/packages/df/db/f35a00659bc03fec321ba8bce9420de607a1d37f8342eee1863174c69557/typing_extensions-4.12.2.tar.gz", hash = "sha256:1a7ead55c7e559dd4dee8856e3a88b41225abfe1ce8df57b7c13915fe121ffb8", size = 85321, upload-time = "2024-06-07T18:52:15.995Z" }
wheels = [
    { url = "https://files.pythonhosted.org/packages/26/9f/ad63fc0248c5379346306f8668cda6e2e2e9c95e01216d2b8ffd9ff037d0/typing_extensions-4.12.2-py3-none-any.whl", hash = "sha256:04e5ca0351e0f3f85c6853954072df659d0d13fac324d0072316b67d7794700d", size = 37438, upload-time = "2024-06-07T18:52:13.582Z" },
]
